// !$*UTF8*$!
{
	archiveVersion = 1;
	classes = {
	};
	objectVersion = 56;
	objects = {

/* Begin PBXBuildFile section */
		1F0CB249292FC35D00A68FD7 /* PassportCheckingView1.swift in Sources */ = {isa = PBXBuildFile; fileRef = 1F0CB248292FC35D00A68FD7 /* PassportCheckingView1.swift */; };
		1F103DC8291D499900F747D0 /* PassportView1.swift in Sources */ = {isa = PBXBuildFile; fileRef = 1F103DC7291D499900F747D0 /* PassportView1.swift */; };
		1F27DB8D2917C1D50026B4CC /* ComposableArchitecture in Frameworks */ = {isa = PBXBuildFile; productRef = 1F27DB8C2917C1D50026B4CC /* ComposableArchitecture */; };
		1F27DB932917C5D10026B4CC /* RelocateStepsView1.swift in Sources */ = {isa = PBXBuildFile; fileRef = 1F27DB922917C5D10026B4CC /* RelocateStepsView1.swift */; };
		1F27DB952917C61E0026B4CC /* CountryDescriptionView1.swift in Sources */ = {isa = PBXBuildFile; fileRef = 1F27DB942917C61E0026B4CC /* CountryDescriptionView1.swift */; };
		1F51C2742992BCCC0004C3FD /* UserDataDependency.swift in Sources */ = {isa = PBXBuildFile; fileRef = 1F51C2732992BCCC0004C3FD /* UserDataDependency.swift */; };
		1F571EFB292BBA48002AB253 /* RelocateStepsState.swift in Sources */ = {isa = PBXBuildFile; fileRef = 1F571EFA292BBA48002AB253 /* RelocateStepsState.swift */; };
		1F571EFD292BBA57002AB253 /* RelocateStepsActions.swift in Sources */ = {isa = PBXBuildFile; fileRef = 1F571EFC292BBA57002AB253 /* RelocateStepsActions.swift */; };
		1F571EFF292BBA6B002AB253 /* RelocateStepsEnvironment.swift in Sources */ = {isa = PBXBuildFile; fileRef = 1F571EFE292BBA6B002AB253 /* RelocateStepsEnvironment.swift */; };
		1F571F01292BBA79002AB253 /* RelocateStepsReducer.swift in Sources */ = {isa = PBXBuildFile; fileRef = 1F571F00292BBA78002AB253 /* RelocateStepsReducer.swift */; };
		1F571F04292BBACB002AB253 /* CountryDescriptionState.swift in Sources */ = {isa = PBXBuildFile; fileRef = 1F571F03292BBACB002AB253 /* CountryDescriptionState.swift */; };
		1F571F06292BBADB002AB253 /* CountryDescriptionActions.swift in Sources */ = {isa = PBXBuildFile; fileRef = 1F571F05292BBADB002AB253 /* CountryDescriptionActions.swift */; };
		1F571F08292BBAF1002AB253 /* CountryDescriptionEnvironment.swift in Sources */ = {isa = PBXBuildFile; fileRef = 1F571F07292BBAF1002AB253 /* CountryDescriptionEnvironment.swift */; };
		1F571F0A292BBAFF002AB253 /* CountryDescriptionReducer.swift in Sources */ = {isa = PBXBuildFile; fileRef = 1F571F09292BBAFF002AB253 /* CountryDescriptionReducer.swift */; };
		1F571F0C292BBCEE002AB253 /* RelocatorsAssistantLaunchScreen.storyboard in Resources */ = {isa = PBXBuildFile; fileRef = 1F571F0B292BBCEE002AB253 /* RelocatorsAssistantLaunchScreen.storyboard */; };
		1F571F0F292BBD39002AB253 /* RootState.swift in Sources */ = {isa = PBXBuildFile; fileRef = 1F571F0E292BBD39002AB253 /* RootState.swift */; };
		1F571F11292BBD49002AB253 /* RootActions.swift in Sources */ = {isa = PBXBuildFile; fileRef = 1F571F10292BBD49002AB253 /* RootActions.swift */; };
		1F571F13292BBE18002AB253 /* RootEnvironment.swift in Sources */ = {isa = PBXBuildFile; fileRef = 1F571F12292BBE18002AB253 /* RootEnvironment.swift */; };
		1F571F15292BBE28002AB253 /* RootReducer.swift in Sources */ = {isa = PBXBuildFile; fileRef = 1F571F14292BBE28002AB253 /* RootReducer.swift */; };
		1FBA6FF7293E34F6003562B9 /* UserDataRepo.swift in Sources */ = {isa = PBXBuildFile; fileRef = 1FBA6FF6293E34F6003562B9 /* UserDataRepo.swift */; };
		1FBA6FF9293E3571003562B9 /* UserDefaults.swift in Sources */ = {isa = PBXBuildFile; fileRef = 1FBA6FF8293E3571003562B9 /* UserDefaults.swift */; };
		1FDE96BF291FD3BA001AD31B /* PassportState.swift in Sources */ = {isa = PBXBuildFile; fileRef = 1FDE96BE291FD3BA001AD31B /* PassportState.swift */; };
		1FDE96C1291FD47E001AD31B /* PassportActions.swift in Sources */ = {isa = PBXBuildFile; fileRef = 1FDE96C0291FD47E001AD31B /* PassportActions.swift */; };
		1FDE96C3291FD504001AD31B /* PassportEnvironment.swift in Sources */ = {isa = PBXBuildFile; fileRef = 1FDE96C2291FD504001AD31B /* PassportEnvironment.swift */; };
		1FDE96C5291FD753001AD31B /* PassportReducer.swift in Sources */ = {isa = PBXBuildFile; fileRef = 1FDE96C4291FD753001AD31B /* PassportReducer.swift */; };
		1FDE96C9291FDC52001AD31B /* DateOfExpiryModal.swift in Sources */ = {isa = PBXBuildFile; fileRef = 1FDE96C8291FDC52001AD31B /* DateOfExpiryModal.swift */; };
		1FDE96CB291FFFF8001AD31B /* Extensions.swift in Sources */ = {isa = PBXBuildFile; fileRef = 1FDE96CA291FFFF8001AD31B /* Extensions.swift */; };
		1FE562E5292D2486003F11B1 /* RelocateStepsModel.swift in Sources */ = {isa = PBXBuildFile; fileRef = 1FE562E4292D2486003F11B1 /* RelocateStepsModel.swift */; };
		1FF0B1562931097D0044FEF9 /* PassportCheckingState.swift in Sources */ = {isa = PBXBuildFile; fileRef = 1FF0B1552931097D0044FEF9 /* PassportCheckingState.swift */; };
		1FF0B158293109960044FEF9 /* PassportCheckingActions.swift in Sources */ = {isa = PBXBuildFile; fileRef = 1FF0B157293109960044FEF9 /* PassportCheckingActions.swift */; };
		1FF0B15A293109A80044FEF9 /* PassportCheckingEnvironment.swift in Sources */ = {isa = PBXBuildFile; fileRef = 1FF0B159293109A80044FEF9 /* PassportCheckingEnvironment.swift */; };
		1FF0B15C293109B40044FEF9 /* PassportCheckingReducer.swift in Sources */ = {isa = PBXBuildFile; fileRef = 1FF0B15B293109B40044FEF9 /* PassportCheckingReducer.swift */; };
		1FF0B16029323CB40044FEF9 /* ChoosingCountryView1.swift in Sources */ = {isa = PBXBuildFile; fileRef = 1FF0B15F29323CB40044FEF9 /* ChoosingCountryView1.swift */; };
		1FF0B16329323CED0044FEF9 /* ChoosingCountryState.swift in Sources */ = {isa = PBXBuildFile; fileRef = 1FF0B16229323CED0044FEF9 /* ChoosingCountryState.swift */; };
		1FF0B16529323CF80044FEF9 /* ChoosingCountryActions.swift in Sources */ = {isa = PBXBuildFile; fileRef = 1FF0B16429323CF80044FEF9 /* ChoosingCountryActions.swift */; };
		1FF0B16729323D060044FEF9 /* ChoosingCountryEnvironment.swift in Sources */ = {isa = PBXBuildFile; fileRef = 1FF0B16629323D060044FEF9 /* ChoosingCountryEnvironment.swift */; };
		1FF0B16929323D120044FEF9 /* ChoosingCountryReducer.swift in Sources */ = {isa = PBXBuildFile; fileRef = 1FF0B16829323D120044FEF9 /* ChoosingCountryReducer.swift */; };
		1FF41877292BDB4400345560 /* ArmeniaModel.swift in Sources */ = {isa = PBXBuildFile; fileRef = 1FF41876292BDB4400345560 /* ArmeniaModel.swift */; };
		1FF41879292BDC2B00345560 /* GeorgiaModel.swift in Sources */ = {isa = PBXBuildFile; fileRef = 1FF41878292BDC2B00345560 /* GeorgiaModel.swift */; };
		1FF4187B292BDC5500345560 /* KasachstanModel.swift in Sources */ = {isa = PBXBuildFile; fileRef = 1FF4187A292BDC5500345560 /* KasachstanModel.swift */; };
		1FF4187D292BDC8400345560 /* TurkeyModel.swift in Sources */ = {isa = PBXBuildFile; fileRef = 1FF4187C292BDC8400345560 /* TurkeyModel.swift */; };
		1FF4187F292BE0D500345560 /* CountryModel.swift in Sources */ = {isa = PBXBuildFile; fileRef = 1FF4187E292BE0D500345560 /* CountryModel.swift */; };
		1FFC5DFE2917AC40009A095D /* Relocator_s_AssistantApp.swift in Sources */ = {isa = PBXBuildFile; fileRef = 1FFC5DFD2917AC40009A095D /* Relocator_s_AssistantApp.swift */; };
		1FFC5E002917AC40009A095D /* RootView1.swift in Sources */ = {isa = PBXBuildFile; fileRef = 1FFC5DFF2917AC40009A095D /* RootView1.swift */; };
		1FFC5E022917AC43009A095D /* Assets.xcassets in Resources */ = {isa = PBXBuildFile; fileRef = 1FFC5E012917AC43009A095D /* Assets.xcassets */; };
		1FFC5E052917AC43009A095D /* Preview Assets.xcassets in Resources */ = {isa = PBXBuildFile; fileRef = 1FFC5E042917AC43009A095D /* Preview Assets.xcassets */; };
		1FFC5E0F2917B15C009A095D /* CountriesFlags.swift in Sources */ = {isa = PBXBuildFile; fileRef = 1FFC5E0E2917B15C009A095D /* CountriesFlags.swift */; };
/* End PBXBuildFile section */

/* Begin PBXFileReference section */
		1F0CB248292FC35D00A68FD7 /* PassportCheckingView1.swift */ = {isa = PBXFileReference; lastKnownFileType = sourcecode.swift; path = PassportCheckingView1.swift; sourceTree = "<group>"; };
		1F103DC7291D499900F747D0 /* PassportView1.swift */ = {isa = PBXFileReference; lastKnownFileType = sourcecode.swift; path = PassportView1.swift; sourceTree = "<group>"; };
		1F27DB922917C5D10026B4CC /* RelocateStepsView1.swift */ = {isa = PBXFileReference; lastKnownFileType = sourcecode.swift; path = RelocateStepsView1.swift; sourceTree = "<group>"; };
		1F27DB942917C61E0026B4CC /* CountryDescriptionView1.swift */ = {isa = PBXFileReference; lastKnownFileType = sourcecode.swift; path = CountryDescriptionView1.swift; sourceTree = "<group>"; };
		1F51C2732992BCCC0004C3FD /* UserDataDependency.swift */ = {isa = PBXFileReference; lastKnownFileType = sourcecode.swift; path = UserDataDependency.swift; sourceTree = "<group>"; };
		1F571EFA292BBA48002AB253 /* RelocateStepsState.swift */ = {isa = PBXFileReference; lastKnownFileType = sourcecode.swift; path = RelocateStepsState.swift; sourceTree = "<group>"; };
		1F571EFC292BBA57002AB253 /* RelocateStepsActions.swift */ = {isa = PBXFileReference; lastKnownFileType = sourcecode.swift; path = RelocateStepsActions.swift; sourceTree = "<group>"; };
		1F571EFE292BBA6B002AB253 /* RelocateStepsEnvironment.swift */ = {isa = PBXFileReference; lastKnownFileType = sourcecode.swift; path = RelocateStepsEnvironment.swift; sourceTree = "<group>"; };
		1F571F00292BBA78002AB253 /* RelocateStepsReducer.swift */ = {isa = PBXFileReference; lastKnownFileType = sourcecode.swift; path = RelocateStepsReducer.swift; sourceTree = "<group>"; };
		1F571F03292BBACB002AB253 /* CountryDescriptionState.swift */ = {isa = PBXFileReference; lastKnownFileType = sourcecode.swift; path = CountryDescriptionState.swift; sourceTree = "<group>"; };
		1F571F05292BBADB002AB253 /* CountryDescriptionActions.swift */ = {isa = PBXFileReference; lastKnownFileType = sourcecode.swift; path = CountryDescriptionActions.swift; sourceTree = "<group>"; };
		1F571F07292BBAF1002AB253 /* CountryDescriptionEnvironment.swift */ = {isa = PBXFileReference; lastKnownFileType = sourcecode.swift; path = CountryDescriptionEnvironment.swift; sourceTree = "<group>"; };
		1F571F09292BBAFF002AB253 /* CountryDescriptionReducer.swift */ = {isa = PBXFileReference; lastKnownFileType = sourcecode.swift; path = CountryDescriptionReducer.swift; sourceTree = "<group>"; };
		1F571F0B292BBCEE002AB253 /* RelocatorsAssistantLaunchScreen.storyboard */ = {isa = PBXFileReference; lastKnownFileType = file.storyboard; path = RelocatorsAssistantLaunchScreen.storyboard; sourceTree = "<group>"; };
		1F571F0E292BBD39002AB253 /* RootState.swift */ = {isa = PBXFileReference; lastKnownFileType = sourcecode.swift; path = RootState.swift; sourceTree = "<group>"; };
		1F571F10292BBD49002AB253 /* RootActions.swift */ = {isa = PBXFileReference; lastKnownFileType = sourcecode.swift; path = RootActions.swift; sourceTree = "<group>"; };
		1F571F12292BBE18002AB253 /* RootEnvironment.swift */ = {isa = PBXFileReference; lastKnownFileType = sourcecode.swift; path = RootEnvironment.swift; sourceTree = "<group>"; };
		1F571F14292BBE28002AB253 /* RootReducer.swift */ = {isa = PBXFileReference; lastKnownFileType = sourcecode.swift; path = RootReducer.swift; sourceTree = "<group>"; };
		1FBA6FF6293E34F6003562B9 /* UserDataRepo.swift */ = {isa = PBXFileReference; lastKnownFileType = sourcecode.swift; path = UserDataRepo.swift; sourceTree = "<group>"; };
		1FBA6FF8293E3571003562B9 /* UserDefaults.swift */ = {isa = PBXFileReference; lastKnownFileType = sourcecode.swift; path = UserDefaults.swift; sourceTree = "<group>"; };
		1FDE96BE291FD3BA001AD31B /* PassportState.swift */ = {isa = PBXFileReference; lastKnownFileType = sourcecode.swift; path = PassportState.swift; sourceTree = "<group>"; };
		1FDE96C0291FD47E001AD31B /* PassportActions.swift */ = {isa = PBXFileReference; lastKnownFileType = sourcecode.swift; path = PassportActions.swift; sourceTree = "<group>"; };
		1FDE96C2291FD504001AD31B /* PassportEnvironment.swift */ = {isa = PBXFileReference; lastKnownFileType = sourcecode.swift; path = PassportEnvironment.swift; sourceTree = "<group>"; };
		1FDE96C4291FD753001AD31B /* PassportReducer.swift */ = {isa = PBXFileReference; lastKnownFileType = sourcecode.swift; path = PassportReducer.swift; sourceTree = "<group>"; };
		1FDE96C8291FDC52001AD31B /* DateOfExpiryModal.swift */ = {isa = PBXFileReference; lastKnownFileType = sourcecode.swift; path = DateOfExpiryModal.swift; sourceTree = "<group>"; };
		1FDE96CA291FFFF8001AD31B /* Extensions.swift */ = {isa = PBXFileReference; lastKnownFileType = sourcecode.swift; path = Extensions.swift; sourceTree = "<group>"; };
		1FE0FE2E2919651F00AEF043 /* Relocator-s-Assistant-Info.plist */ = {isa = PBXFileReference; lastKnownFileType = text.plist; path = "Relocator-s-Assistant-Info.plist"; sourceTree = SOURCE_ROOT; };
		1FE562E4292D2486003F11B1 /* RelocateStepsModel.swift */ = {isa = PBXFileReference; lastKnownFileType = sourcecode.swift; path = RelocateStepsModel.swift; sourceTree = "<group>"; };
		1FF0B1552931097D0044FEF9 /* PassportCheckingState.swift */ = {isa = PBXFileReference; lastKnownFileType = sourcecode.swift; path = PassportCheckingState.swift; sourceTree = "<group>"; };
		1FF0B157293109960044FEF9 /* PassportCheckingActions.swift */ = {isa = PBXFileReference; lastKnownFileType = sourcecode.swift; path = PassportCheckingActions.swift; sourceTree = "<group>"; };
		1FF0B159293109A80044FEF9 /* PassportCheckingEnvironment.swift */ = {isa = PBXFileReference; lastKnownFileType = sourcecode.swift; path = PassportCheckingEnvironment.swift; sourceTree = "<group>"; };
		1FF0B15B293109B40044FEF9 /* PassportCheckingReducer.swift */ = {isa = PBXFileReference; lastKnownFileType = sourcecode.swift; path = PassportCheckingReducer.swift; sourceTree = "<group>"; };
		1FF0B15F29323CB40044FEF9 /* ChoosingCountryView1.swift */ = {isa = PBXFileReference; lastKnownFileType = sourcecode.swift; path = ChoosingCountryView1.swift; sourceTree = "<group>"; };
		1FF0B16229323CED0044FEF9 /* ChoosingCountryState.swift */ = {isa = PBXFileReference; lastKnownFileType = sourcecode.swift; path = ChoosingCountryState.swift; sourceTree = "<group>"; };
		1FF0B16429323CF80044FEF9 /* ChoosingCountryActions.swift */ = {isa = PBXFileReference; lastKnownFileType = sourcecode.swift; path = ChoosingCountryActions.swift; sourceTree = "<group>"; };
		1FF0B16629323D060044FEF9 /* ChoosingCountryEnvironment.swift */ = {isa = PBXFileReference; lastKnownFileType = sourcecode.swift; path = ChoosingCountryEnvironment.swift; sourceTree = "<group>"; };
		1FF0B16829323D120044FEF9 /* ChoosingCountryReducer.swift */ = {isa = PBXFileReference; lastKnownFileType = sourcecode.swift; path = ChoosingCountryReducer.swift; sourceTree = "<group>"; };
		1FF41876292BDB4400345560 /* ArmeniaModel.swift */ = {isa = PBXFileReference; lastKnownFileType = sourcecode.swift; path = ArmeniaModel.swift; sourceTree = "<group>"; };
		1FF41878292BDC2B00345560 /* GeorgiaModel.swift */ = {isa = PBXFileReference; lastKnownFileType = sourcecode.swift; path = GeorgiaModel.swift; sourceTree = "<group>"; };
		1FF4187A292BDC5500345560 /* KasachstanModel.swift */ = {isa = PBXFileReference; lastKnownFileType = sourcecode.swift; path = KasachstanModel.swift; sourceTree = "<group>"; };
		1FF4187C292BDC8400345560 /* TurkeyModel.swift */ = {isa = PBXFileReference; lastKnownFileType = sourcecode.swift; path = TurkeyModel.swift; sourceTree = "<group>"; };
		1FF4187E292BE0D500345560 /* CountryModel.swift */ = {isa = PBXFileReference; lastKnownFileType = sourcecode.swift; path = CountryModel.swift; sourceTree = "<group>"; };
		1FFC5DFA2917AC40009A095D /* Relocator's Assistant.app */ = {isa = PBXFileReference; explicitFileType = wrapper.application; includeInIndex = 0; path = "Relocator's Assistant.app"; sourceTree = BUILT_PRODUCTS_DIR; };
		1FFC5DFD2917AC40009A095D /* Relocator_s_AssistantApp.swift */ = {isa = PBXFileReference; lastKnownFileType = sourcecode.swift; path = Relocator_s_AssistantApp.swift; sourceTree = "<group>"; };
		1FFC5DFF2917AC40009A095D /* RootView1.swift */ = {isa = PBXFileReference; lastKnownFileType = sourcecode.swift; path = RootView1.swift; sourceTree = "<group>"; };
		1FFC5E012917AC43009A095D /* Assets.xcassets */ = {isa = PBXFileReference; lastKnownFileType = folder.assetcatalog; path = Assets.xcassets; sourceTree = "<group>"; };
		1FFC5E042917AC43009A095D /* Preview Assets.xcassets */ = {isa = PBXFileReference; lastKnownFileType = folder.assetcatalog; path = "Preview Assets.xcassets"; sourceTree = "<group>"; };
		1FFC5E0E2917B15C009A095D /* CountriesFlags.swift */ = {isa = PBXFileReference; lastKnownFileType = sourcecode.swift; path = CountriesFlags.swift; sourceTree = "<group>"; };
/* End PBXFileReference section */

/* Begin PBXFrameworksBuildPhase section */
		1FFC5DF72917AC40009A095D /* Frameworks */ = {
			isa = PBXFrameworksBuildPhase;
			buildActionMask = 2147483647;
			files = (
				1F27DB8D2917C1D50026B4CC /* ComposableArchitecture in Frameworks */,
			);
			runOnlyForDeploymentPostprocessing = 0;
		};
/* End PBXFrameworksBuildPhase section */

/* Begin PBXGroup section */
		1F571EF9292BBA20002AB253 /* RelocateSteps */ = {
			isa = PBXGroup;
			children = (
				1F571EFA292BBA48002AB253 /* RelocateStepsState.swift */,
				1F571EFC292BBA57002AB253 /* RelocateStepsActions.swift */,
				1F571EFE292BBA6B002AB253 /* RelocateStepsEnvironment.swift */,
				1F571F00292BBA78002AB253 /* RelocateStepsReducer.swift */,
			);
			path = RelocateSteps;
			sourceTree = "<group>";
		};
		1F571F02292BBABB002AB253 /* CountryDescription */ = {
			isa = PBXGroup;
			children = (
				1F571F03292BBACB002AB253 /* CountryDescriptionState.swift */,
				1F571F05292BBADB002AB253 /* CountryDescriptionActions.swift */,
				1F571F07292BBAF1002AB253 /* CountryDescriptionEnvironment.swift */,
				1F571F09292BBAFF002AB253 /* CountryDescriptionReducer.swift */,
			);
			path = CountryDescription;
			sourceTree = "<group>";
		};
		1F571F0D292BBD10002AB253 /* Root */ = {
			isa = PBXGroup;
			children = (
				1F571F0E292BBD39002AB253 /* RootState.swift */,
				1F571F10292BBD49002AB253 /* RootActions.swift */,
				1F571F12292BBE18002AB253 /* RootEnvironment.swift */,
				1F571F14292BBE28002AB253 /* RootReducer.swift */,
			);
			path = Root;
			sourceTree = "<group>";
		};
		1FBA6FF5293E34CE003562B9 /* UserDataRepo */ = {
			isa = PBXGroup;
			children = (
				1FBA6FF6293E34F6003562B9 /* UserDataRepo.swift */,
				1FBA6FF8293E3571003562B9 /* UserDefaults.swift */,
				1F51C2732992BCCC0004C3FD /* UserDataDependency.swift */,
			);
			path = UserDataRepo;
			sourceTree = "<group>";
		};
		1FDE96BD291FD25B001AD31B /* Passport */ = {
			isa = PBXGroup;
			children = (
				1FDE96BE291FD3BA001AD31B /* PassportState.swift */,
				1FDE96C0291FD47E001AD31B /* PassportActions.swift */,
				1FDE96C2291FD504001AD31B /* PassportEnvironment.swift */,
				1FDE96C4291FD753001AD31B /* PassportReducer.swift */,
			);
			path = Passport;
			sourceTree = "<group>";
		};
		1FDE96C6291FDC0D001AD31B /* PassportModels */ = {
			isa = PBXGroup;
			children = (
				1FDE96C8291FDC52001AD31B /* DateOfExpiryModal.swift */,
			);
			path = PassportModels;
			sourceTree = "<group>";
		};
		1FDE96C7291FDC21001AD31B /* CountriesModels */ = {
			isa = PBXGroup;
			children = (
				1FFC5E0E2917B15C009A095D /* CountriesFlags.swift */,
				1FF4187E292BE0D500345560 /* CountryModel.swift */,
				1FF41876292BDB4400345560 /* ArmeniaModel.swift */,
				1FF41878292BDC2B00345560 /* GeorgiaModel.swift */,
				1FF4187A292BDC5500345560 /* KasachstanModel.swift */,
				1FF4187C292BDC8400345560 /* TurkeyModel.swift */,
			);
			path = CountriesModels;
			sourceTree = "<group>";
		};
		1FDE96CC29200025001AD31B /* Additions+Extensions */ = {
			isa = PBXGroup;
			children = (
				1FDE96CA291FFFF8001AD31B /* Extensions.swift */,
			);
			path = "Additions+Extensions";
			sourceTree = "<group>";
		};
		1FE562E3292D2469003F11B1 /* RelocateStepsModels */ = {
			isa = PBXGroup;
			children = (
				1FE562E4292D2486003F11B1 /* RelocateStepsModel.swift */,
			);
			path = RelocateStepsModels;
			sourceTree = "<group>";
		};
		1FF0B154293109550044FEF9 /* PassportChecking */ = {
			isa = PBXGroup;
			children = (
				1FF0B1552931097D0044FEF9 /* PassportCheckingState.swift */,
				1FF0B157293109960044FEF9 /* PassportCheckingActions.swift */,
				1FF0B159293109A80044FEF9 /* PassportCheckingEnvironment.swift */,
				1FF0B15B293109B40044FEF9 /* PassportCheckingReducer.swift */,
			);
			path = PassportChecking;
			sourceTree = "<group>";
		};
		1FF0B16129323CCC0044FEF9 /* ChoosingCountry */ = {
			isa = PBXGroup;
			children = (
				1FF0B16229323CED0044FEF9 /* ChoosingCountryState.swift */,
				1FF0B16429323CF80044FEF9 /* ChoosingCountryActions.swift */,
				1FF0B16629323D060044FEF9 /* ChoosingCountryEnvironment.swift */,
				1FF0B16829323D120044FEF9 /* ChoosingCountryReducer.swift */,
			);
			path = ChoosingCountry;
			sourceTree = "<group>";
		};
		1FFC5DF12917AC3F009A095D = {
			isa = PBXGroup;
			children = (
				1FFC5DFC2917AC40009A095D /* Relocator's Assistant */,
				1FFC5DFB2917AC40009A095D /* Products */,
			);
			sourceTree = "<group>";
		};
		1FFC5DFB2917AC40009A095D /* Products */ = {
			isa = PBXGroup;
			children = (
				1FFC5DFA2917AC40009A095D /* Relocator's Assistant.app */,
			);
			name = Products;
			sourceTree = "<group>";
		};
		1FFC5DFC2917AC40009A095D /* Relocator's Assistant */ = {
			isa = PBXGroup;
			children = (
				1FBA6FF5293E34CE003562B9 /* UserDataRepo */,
				1FFC5DFD2917AC40009A095D /* Relocator_s_AssistantApp.swift */,
				1FE0FE2E2919651F00AEF043 /* Relocator-s-Assistant-Info.plist */,
				1F571F0B292BBCEE002AB253 /* RelocatorsAssistantLaunchScreen.storyboard */,
				1FFC5E012917AC43009A095D /* Assets.xcassets */,
				1FDE96CC29200025001AD31B /* Additions+Extensions */,
				1FFC5E0B2917B0E3009A095D /* Models */,
				1FFC5E0D2917B10E009A095D /* Views */,
				1FFC5E0C2917B0F5009A095D /* Flux */,
				1FFC5E032917AC43009A095D /* Preview Content */,
			);
			path = "Relocator's Assistant";
			sourceTree = "<group>";
		};
		1FFC5E032917AC43009A095D /* Preview Content */ = {
			isa = PBXGroup;
			children = (
				1FFC5E042917AC43009A095D /* Preview Assets.xcassets */,
			);
			path = "Preview Content";
			sourceTree = "<group>";
		};
		1FFC5E0B2917B0E3009A095D /* Models */ = {
			isa = PBXGroup;
			children = (
				1FE562E3292D2469003F11B1 /* RelocateStepsModels */,
				1FDE96C7291FDC21001AD31B /* CountriesModels */,
				1FDE96C6291FDC0D001AD31B /* PassportModels */,
			);
			path = Models;
			sourceTree = "<group>";
		};
		1FFC5E0C2917B0F5009A095D /* Flux */ = {
			isa = PBXGroup;
			children = (
				1F571F0D292BBD10002AB253 /* Root */,
				1F571EF9292BBA20002AB253 /* RelocateSteps */,
				1FF0B154293109550044FEF9 /* PassportChecking */,
				1FDE96BD291FD25B001AD31B /* Passport */,
				1FF0B16129323CCC0044FEF9 /* ChoosingCountry */,
				1F571F02292BBABB002AB253 /* CountryDescription */,
			);
			path = Flux;
			sourceTree = "<group>";
		};
		1FFC5E0D2917B10E009A095D /* Views */ = {
			isa = PBXGroup;
			children = (
				1FFC5DFF2917AC40009A095D /* RootView1.swift */,
				1F27DB922917C5D10026B4CC /* RelocateStepsView1.swift */,
				1F0CB248292FC35D00A68FD7 /* PassportCheckingView1.swift */,
				1F103DC7291D499900F747D0 /* PassportView1.swift */,
				1FF0B15F29323CB40044FEF9 /* ChoosingCountryView1.swift */,
				1F27DB942917C61E0026B4CC /* CountryDescriptionView1.swift */,
			);
			path = Views;
			sourceTree = "<group>";
		};
/* End PBXGroup section */

/* Begin PBXNativeTarget section */
		1FFC5DF92917AC40009A095D /* Relocator's Assistant */ = {
			isa = PBXNativeTarget;
			buildConfigurationList = 1FFC5E082917AC43009A095D /* Build configuration list for PBXNativeTarget "Relocator's Assistant" */;
			buildPhases = (
				1FFC5DF62917AC40009A095D /* Sources */,
				1FFC5DF72917AC40009A095D /* Frameworks */,
				1FFC5DF82917AC40009A095D /* Resources */,
			);
			buildRules = (
			);
			dependencies = (
			);
			name = "Relocator's Assistant";
			packageProductDependencies = (
				1F27DB8C2917C1D50026B4CC /* ComposableArchitecture */,
			);
			productName = "Relocator's Assistant";
			productReference = 1FFC5DFA2917AC40009A095D /* Relocator's Assistant.app */;
			productType = "com.apple.product-type.application";
		};
/* End PBXNativeTarget section */

/* Begin PBXProject section */
		1FFC5DF22917AC3F009A095D /* Project object */ = {
			isa = PBXProject;
			attributes = {
				BuildIndependentTargetsInParallel = 1;
				LastSwiftUpdateCheck = 1410;
				LastUpgradeCheck = 1410;
				TargetAttributes = {
					1FFC5DF92917AC40009A095D = {
						CreatedOnToolsVersion = 14.1;
					};
				};
			};
			buildConfigurationList = 1FFC5DF52917AC3F009A095D /* Build configuration list for PBXProject "Relocator's Assistant" */;
			compatibilityVersion = "Xcode 14.0";
			developmentRegion = en;
			hasScannedForEncodings = 0;
			knownRegions = (
				en,
				Base,
			);
			mainGroup = 1FFC5DF12917AC3F009A095D;
			packageReferences = (
				1F27DB8B2917C1D50026B4CC /* XCRemoteSwiftPackageReference "swift-composable-architecture" */,
			);
			productRefGroup = 1FFC5DFB2917AC40009A095D /* Products */;
			projectDirPath = "";
			projectRoot = "";
			targets = (
				1FFC5DF92917AC40009A095D /* Relocator's Assistant */,
			);
		};
/* End PBXProject section */

/* Begin PBXResourcesBuildPhase section */
		1FFC5DF82917AC40009A095D /* Resources */ = {
			isa = PBXResourcesBuildPhase;
			buildActionMask = 2147483647;
			files = (
				1FFC5E052917AC43009A095D /* Preview Assets.xcassets in Resources */,
				1F571F0C292BBCEE002AB253 /* RelocatorsAssistantLaunchScreen.storyboard in Resources */,
				1FFC5E022917AC43009A095D /* Assets.xcassets in Resources */,
			);
			runOnlyForDeploymentPostprocessing = 0;
		};
/* End PBXResourcesBuildPhase section */

/* Begin PBXSourcesBuildPhase section */
		1FFC5DF62917AC40009A095D /* Sources */ = {
			isa = PBXSourcesBuildPhase;
			buildActionMask = 2147483647;
			files = (
				1FFC5E002917AC40009A095D /* RootView1.swift in Sources */,
				1FF0B15C293109B40044FEF9 /* PassportCheckingReducer.swift in Sources */,
				1FDE96BF291FD3BA001AD31B /* PassportState.swift in Sources */,
				1F571F08292BBAF1002AB253 /* CountryDescriptionEnvironment.swift in Sources */,
				1F571EFF292BBA6B002AB253 /* RelocateStepsEnvironment.swift in Sources */,
				1FE562E5292D2486003F11B1 /* RelocateStepsModel.swift in Sources */,
				1FF0B16529323CF80044FEF9 /* ChoosingCountryActions.swift in Sources */,
				1F571F0F292BBD39002AB253 /* RootState.swift in Sources */,
				1F571EFD292BBA57002AB253 /* RelocateStepsActions.swift in Sources */,
				1FF0B15A293109A80044FEF9 /* PassportCheckingEnvironment.swift in Sources */,
				1F571F04292BBACB002AB253 /* CountryDescriptionState.swift in Sources */,
				1FF4187B292BDC5500345560 /* KasachstanModel.swift in Sources */,
				1FFC5DFE2917AC40009A095D /* Relocator_s_AssistantApp.swift in Sources */,
				1FFC5E0F2917B15C009A095D /* CountriesFlags.swift in Sources */,
				1F0CB249292FC35D00A68FD7 /* PassportCheckingView1.swift in Sources */,
				1F27DB952917C61E0026B4CC /* CountryDescriptionView1.swift in Sources */,
				1F571F15292BBE28002AB253 /* RootReducer.swift in Sources */,
				1FF0B16729323D060044FEF9 /* ChoosingCountryEnvironment.swift in Sources */,
				1FF0B158293109960044FEF9 /* PassportCheckingActions.swift in Sources */,
				1FDE96C3291FD504001AD31B /* PassportEnvironment.swift in Sources */,
				1FF0B1562931097D0044FEF9 /* PassportCheckingState.swift in Sources */,
				1F51C2742992BCCC0004C3FD /* UserDataDependency.swift in Sources */,
				1FDE96C1291FD47E001AD31B /* PassportActions.swift in Sources */,
				1FDE96CB291FFFF8001AD31B /* Extensions.swift in Sources */,
				1FF0B16929323D120044FEF9 /* ChoosingCountryReducer.swift in Sources */,
				1F571F0A292BBAFF002AB253 /* CountryDescriptionReducer.swift in Sources */,
				1F103DC8291D499900F747D0 /* PassportView1.swift in Sources */,
				1FBA6FF9293E3571003562B9 /* UserDefaults.swift in Sources */,
				1FF41877292BDB4400345560 /* ArmeniaModel.swift in Sources */,
				1FDE96C5291FD753001AD31B /* PassportReducer.swift in Sources */,
				1FF41879292BDC2B00345560 /* GeorgiaModel.swift in Sources */,
				1FDE96C9291FDC52001AD31B /* DateOfExpiryModal.swift in Sources */,
				1FF4187F292BE0D500345560 /* CountryModel.swift in Sources */,
				1FF4187D292BDC8400345560 /* TurkeyModel.swift in Sources */,
				1FF0B16029323CB40044FEF9 /* ChoosingCountryView1.swift in Sources */,
				1F571F11292BBD49002AB253 /* RootActions.swift in Sources */,
				1F571F01292BBA79002AB253 /* RelocateStepsReducer.swift in Sources */,
				1F571F13292BBE18002AB253 /* RootEnvironment.swift in Sources */,
				1FF0B16329323CED0044FEF9 /* ChoosingCountryState.swift in Sources */,
				1F571EFB292BBA48002AB253 /* RelocateStepsState.swift in Sources */,
				1FBA6FF7293E34F6003562B9 /* UserDataRepo.swift in Sources */,
				1F27DB932917C5D10026B4CC /* RelocateStepsView1.swift in Sources */,
				1F571F06292BBADB002AB253 /* CountryDescriptionActions.swift in Sources */,
			);
			runOnlyForDeploymentPostprocessing = 0;
		};
/* End PBXSourcesBuildPhase section */

/* Begin XCBuildConfiguration section */
		1FFC5E062917AC43009A095D /* Debug */ = {
			isa = XCBuildConfiguration;
			buildSettings = {
				ALWAYS_SEARCH_USER_PATHS = NO;
				CLANG_ANALYZER_NONNULL = YES;
				CLANG_ANALYZER_NUMBER_OBJECT_CONVERSION = YES_AGGRESSIVE;
				CLANG_CXX_LANGUAGE_STANDARD = "gnu++20";
				CLANG_ENABLE_MODULES = YES;
				CLANG_ENABLE_OBJC_ARC = YES;
				CLANG_ENABLE_OBJC_WEAK = YES;
				CLANG_WARN_BLOCK_CAPTURE_AUTORELEASING = YES;
				CLANG_WARN_BOOL_CONVERSION = YES;
				CLANG_WARN_COMMA = YES;
				CLANG_WARN_CONSTANT_CONVERSION = YES;
				CLANG_WARN_DEPRECATED_OBJC_IMPLEMENTATIONS = YES;
				CLANG_WARN_DIRECT_OBJC_ISA_USAGE = YES_ERROR;
				CLANG_WARN_DOCUMENTATION_COMMENTS = YES;
				CLANG_WARN_EMPTY_BODY = YES;
				CLANG_WARN_ENUM_CONVERSION = YES;
				CLANG_WARN_INFINITE_RECURSION = YES;
				CLANG_WARN_INT_CONVERSION = YES;
				CLANG_WARN_NON_LITERAL_NULL_CONVERSION = YES;
				CLANG_WARN_OBJC_IMPLICIT_RETAIN_SELF = YES;
				CLANG_WARN_OBJC_LITERAL_CONVERSION = YES;
				CLANG_WARN_OBJC_ROOT_CLASS = YES_ERROR;
				CLANG_WARN_QUOTED_INCLUDE_IN_FRAMEWORK_HEADER = YES;
				CLANG_WARN_RANGE_LOOP_ANALYSIS = YES;
				CLANG_WARN_STRICT_PROTOTYPES = YES;
				CLANG_WARN_SUSPICIOUS_MOVE = YES;
				CLANG_WARN_UNGUARDED_AVAILABILITY = YES_AGGRESSIVE;
				CLANG_WARN_UNREACHABLE_CODE = YES;
				CLANG_WARN__DUPLICATE_METHOD_MATCH = YES;
				COPY_PHASE_STRIP = NO;
				DEBUG_INFORMATION_FORMAT = dwarf;
				ENABLE_STRICT_OBJC_MSGSEND = YES;
				ENABLE_TESTABILITY = YES;
				GCC_C_LANGUAGE_STANDARD = gnu11;
				GCC_DYNAMIC_NO_PIC = NO;
				GCC_NO_COMMON_BLOCKS = YES;
				GCC_OPTIMIZATION_LEVEL = 0;
				GCC_PREPROCESSOR_DEFINITIONS = (
					"DEBUG=1",
					"$(inherited)",
				);
				GCC_WARN_64_TO_32_BIT_CONVERSION = YES;
				GCC_WARN_ABOUT_RETURN_TYPE = YES_ERROR;
				GCC_WARN_UNDECLARED_SELECTOR = YES;
				GCC_WARN_UNINITIALIZED_AUTOS = YES_AGGRESSIVE;
				GCC_WARN_UNUSED_FUNCTION = YES;
				GCC_WARN_UNUSED_VARIABLE = YES;
				IPHONEOS_DEPLOYMENT_TARGET = 16.1;
				MTL_ENABLE_DEBUG_INFO = INCLUDE_SOURCE;
				MTL_FAST_MATH = YES;
				ONLY_ACTIVE_ARCH = YES;
				SDKROOT = iphoneos;
				SWIFT_ACTIVE_COMPILATION_CONDITIONS = DEBUG;
				SWIFT_OPTIMIZATION_LEVEL = "-Onone";
			};
			name = Debug;
		};
		1FFC5E072917AC43009A095D /* Release */ = {
			isa = XCBuildConfiguration;
			buildSettings = {
				ALWAYS_SEARCH_USER_PATHS = NO;
				CLANG_ANALYZER_NONNULL = YES;
				CLANG_ANALYZER_NUMBER_OBJECT_CONVERSION = YES_AGGRESSIVE;
				CLANG_CXX_LANGUAGE_STANDARD = "gnu++20";
				CLANG_ENABLE_MODULES = YES;
				CLANG_ENABLE_OBJC_ARC = YES;
				CLANG_ENABLE_OBJC_WEAK = YES;
				CLANG_WARN_BLOCK_CAPTURE_AUTORELEASING = YES;
				CLANG_WARN_BOOL_CONVERSION = YES;
				CLANG_WARN_COMMA = YES;
				CLANG_WARN_CONSTANT_CONVERSION = YES;
				CLANG_WARN_DEPRECATED_OBJC_IMPLEMENTATIONS = YES;
				CLANG_WARN_DIRECT_OBJC_ISA_USAGE = YES_ERROR;
				CLANG_WARN_DOCUMENTATION_COMMENTS = YES;
				CLANG_WARN_EMPTY_BODY = YES;
				CLANG_WARN_ENUM_CONVERSION = YES;
				CLANG_WARN_INFINITE_RECURSION = YES;
				CLANG_WARN_INT_CONVERSION = YES;
				CLANG_WARN_NON_LITERAL_NULL_CONVERSION = YES;
				CLANG_WARN_OBJC_IMPLICIT_RETAIN_SELF = YES;
				CLANG_WARN_OBJC_LITERAL_CONVERSION = YES;
				CLANG_WARN_OBJC_ROOT_CLASS = YES_ERROR;
				CLANG_WARN_QUOTED_INCLUDE_IN_FRAMEWORK_HEADER = YES;
				CLANG_WARN_RANGE_LOOP_ANALYSIS = YES;
				CLANG_WARN_STRICT_PROTOTYPES = YES;
				CLANG_WARN_SUSPICIOUS_MOVE = YES;
				CLANG_WARN_UNGUARDED_AVAILABILITY = YES_AGGRESSIVE;
				CLANG_WARN_UNREACHABLE_CODE = YES;
				CLANG_WARN__DUPLICATE_METHOD_MATCH = YES;
				COPY_PHASE_STRIP = NO;
				DEBUG_INFORMATION_FORMAT = "dwarf-with-dsym";
				ENABLE_NS_ASSERTIONS = NO;
				ENABLE_STRICT_OBJC_MSGSEND = YES;
				GCC_C_LANGUAGE_STANDARD = gnu11;
				GCC_NO_COMMON_BLOCKS = YES;
				GCC_WARN_64_TO_32_BIT_CONVERSION = YES;
				GCC_WARN_ABOUT_RETURN_TYPE = YES_ERROR;
				GCC_WARN_UNDECLARED_SELECTOR = YES;
				GCC_WARN_UNINITIALIZED_AUTOS = YES_AGGRESSIVE;
				GCC_WARN_UNUSED_FUNCTION = YES;
				GCC_WARN_UNUSED_VARIABLE = YES;
				IPHONEOS_DEPLOYMENT_TARGET = 16.1;
				MTL_ENABLE_DEBUG_INFO = NO;
				MTL_FAST_MATH = YES;
				SDKROOT = iphoneos;
				SWIFT_COMPILATION_MODE = wholemodule;
				SWIFT_OPTIMIZATION_LEVEL = "-O";
				VALIDATE_PRODUCT = YES;
			};
			name = Release;
		};
		1FFC5E092917AC43009A095D /* Debug */ = {
			isa = XCBuildConfiguration;
			buildSettings = {
				ASSETCATALOG_COMPILER_APPICON_NAME = AppIcon;
				ASSETCATALOG_COMPILER_GLOBAL_ACCENT_COLOR_NAME = AccentColor;
				CODE_SIGN_STYLE = Automatic;
				CURRENT_PROJECT_VERSION = 1;
				DEVELOPMENT_ASSET_PATHS = "\"Relocator's Assistant/Preview Content\"";
				DEVELOPMENT_TEAM = 6JQR5WH86M;
				ENABLE_PREVIEWS = YES;
				GENERATE_INFOPLIST_FILE = YES;
				INFOPLIST_FILE = "Relocator-s-Assistant-Info.plist";
				INFOPLIST_KEY_CFBundleDisplayName = "";
				INFOPLIST_KEY_LSApplicationCategoryType = "public.app-category.travel";
				INFOPLIST_KEY_UIApplicationSceneManifest_Generation = YES;
				INFOPLIST_KEY_UIApplicationSupportsIndirectInputEvents = YES;
				INFOPLIST_KEY_UISupportedInterfaceOrientations_iPad = "UIInterfaceOrientationPortrait UIInterfaceOrientationPortraitUpsideDown UIInterfaceOrientationLandscapeLeft UIInterfaceOrientationLandscapeRight";
				INFOPLIST_KEY_UISupportedInterfaceOrientations_iPhone = "UIInterfaceOrientationPortrait UIInterfaceOrientationLandscapeLeft UIInterfaceOrientationLandscapeRight";
				IPHONEOS_DEPLOYMENT_TARGET = 15.0;
				LD_RUNPATH_SEARCH_PATHS = (
					"$(inherited)",
					"@executable_path/Frameworks",
				);
				MARKETING_VERSION = 1.0;
				PRODUCT_BUNDLE_IDENTIFIER = "com.alex-laukhin.Relocator-s-Assistant";
				PRODUCT_NAME = "$(TARGET_NAME)";
				SWIFT_EMIT_LOC_STRINGS = YES;
				SWIFT_VERSION = 5.0;
				TARGETED_DEVICE_FAMILY = "1,2";
			};
			name = Debug;
		};
		1FFC5E0A2917AC43009A095D /* Release */ = {
			isa = XCBuildConfiguration;
			buildSettings = {
				ASSETCATALOG_COMPILER_APPICON_NAME = AppIcon;
				ASSETCATALOG_COMPILER_GLOBAL_ACCENT_COLOR_NAME = AccentColor;
				CODE_SIGN_STYLE = Automatic;
				CURRENT_PROJECT_VERSION = 1;
				DEVELOPMENT_ASSET_PATHS = "\"Relocator's Assistant/Preview Content\"";
				DEVELOPMENT_TEAM = 6JQR5WH86M;
				ENABLE_PREVIEWS = YES;
				GENERATE_INFOPLIST_FILE = YES;
				INFOPLIST_FILE = "Relocator-s-Assistant-Info.plist";
				INFOPLIST_KEY_CFBundleDisplayName = "";
				INFOPLIST_KEY_LSApplicationCategoryType = "public.app-category.travel";
				INFOPLIST_KEY_UIApplicationSceneManifest_Generation = YES;
				INFOPLIST_KEY_UIApplicationSupportsIndirectInputEvents = YES;
				INFOPLIST_KEY_UISupportedInterfaceOrientations_iPad = "UIInterfaceOrientationPortrait UIInterfaceOrientationPortraitUpsideDown UIInterfaceOrientationLandscapeLeft UIInterfaceOrientationLandscapeRight";
				INFOPLIST_KEY_UISupportedInterfaceOrientations_iPhone = "UIInterfaceOrientationPortrait UIInterfaceOrientationLandscapeLeft UIInterfaceOrientationLandscapeRight";
				IPHONEOS_DEPLOYMENT_TARGET = 15.0;
				LD_RUNPATH_SEARCH_PATHS = (
					"$(inherited)",
					"@executable_path/Frameworks",
				);
				MARKETING_VERSION = 1.0;
				PRODUCT_BUNDLE_IDENTIFIER = "com.alex-laukhin.Relocator-s-Assistant";
				PRODUCT_NAME = "$(TARGET_NAME)";
				SWIFT_EMIT_LOC_STRINGS = YES;
				SWIFT_VERSION = 5.0;
				TARGETED_DEVICE_FAMILY = "1,2";
			};
			name = Release;
		};
/* End XCBuildConfiguration section */

/* Begin XCConfigurationList section */
		1FFC5DF52917AC3F009A095D /* Build configuration list for PBXProject "Relocator's Assistant" */ = {
			isa = XCConfigurationList;
			buildConfigurations = (
				1FFC5E062917AC43009A095D /* Debug */,
				1FFC5E072917AC43009A095D /* Release */,
			);
			defaultConfigurationIsVisible = 0;
			defaultConfigurationName = Release;
		};
		1FFC5E082917AC43009A095D /* Build configuration list for PBXNativeTarget "Relocator's Assistant" */ = {
			isa = XCConfigurationList;
			buildConfigurations = (
				1FFC5E092917AC43009A095D /* Debug */,
				1FFC5E0A2917AC43009A095D /* Release */,
			);
			defaultConfigurationIsVisible = 0;
			defaultConfigurationName = Release;
		};
/* End XCConfigurationList section */

/* Begin XCRemoteSwiftPackageReference section */
		1F27DB8B2917C1D50026B4CC /* XCRemoteSwiftPackageReference "swift-composable-architecture" */ = {
			isa = XCRemoteSwiftPackageReference;
			repositoryURL = "https://github.com/pointfreeco/swift-composable-architecture";
			requirement = {
				kind = upToNextMajorVersion;
				minimumVersion = 0.9.0;
			};
		};
/* End XCRemoteSwiftPackageReference section */

/* Begin XCSwiftPackageProductDependency section */
		1F27DB8C2917C1D50026B4CC /* ComposableArchitecture */ = {
			isa = XCSwiftPackageProductDependency;
			package = 1F27DB8B2917C1D50026B4CC /* XCRemoteSwiftPackageReference "swift-composable-architecture" */;
			productName = ComposableArchitecture;
		};
/* End XCSwiftPackageProductDependency section */
	};
	rootObject = 1FFC5DF22917AC3F009A095D /* Project object */;
}
